
Microsoft Visual Studio Solution File, Format Version 12.00
# Visual Studio 2013
VisualStudioVersion = 12.0.31101.0
MinimumVisualStudioVersion = 10.0.40219.1
Project("{FAE04EC0-301F-11D3-BF4B-00C04F79EFBC}") = "COG.Assets", "Core\COG.Assets\COG.Assets.csproj", "{9EB6F9CA-480A-480B-AB53-454020A39D71}"
EndProject
Project("{2150E333-8FDC-42A3-9474-1A3956D46DE8}") = "Core", "Core", "{C4CCE254-64BF-4799-8FF5-AD67AF9A55D3}"
EndProject
Project("{FAE04EC0-301F-11D3-BF4B-00C04F79EFBC}") = "COG.Logging", "Core\COG.Logging\COG.Logging.csproj", "{923AB1D5-796C-4156-9021-76F4E4F90CED}"
EndProject
Project("{FAE04EC0-301F-11D3-BF4B-00C04F79EFBC}") = "COG.Framework", "Core\COG.Framework\COG.Framework.csproj", "{5A47C043-88A3-4FC3-BB14-D945BC742AE2}"
EndProject
Project("{2150E333-8FDC-42A3-9474-1A3956D46DE8}") = "OpenTK", "OpenTK", "{78619A67-DB0F-4674-9BCE-B98939998CDA}"
EndProject
Project("{2150E333-8FDC-42A3-9474-1A3956D46DE8}") = "Demo", "Demo", "{C239E4AB-2838-4545-B50E-18F70CF852CF}"
EndProject
Project("{FAE04EC0-301F-11D3-BF4B-00C04F79EFBC}") = "COG.Dredger", "Demos\COG.Dredger\COG.Dredger.csproj", "{5284957E-C430-42C1-91CF-021F9E973B0D}"
EndProject
Project("{FAE04EC0-301F-11D3-BF4B-00C04F79EFBC}") = "COG.Graphics", "OpenTK\COG.Graphics\COG.Graphics.csproj", "{D2D0C5C5-0154-4A6C-A04F-72E2E643B237}"
EndProject
Project("{FAE04EC0-301F-11D3-BF4B-00C04F79EFBC}") = "COG.GUI", "OpenTK\COG.GUI\COG.GUI.csproj", "{463730EB-BE49-4536-9761-A6260E66EBE5}"
EndProject
Project("{FAE04EC0-301F-11D3-BF4B-00C04F79EFBC}") = "COG.Math", "Core\COG.Math\COG.Math.csproj", "{93AE5494-D768-4967-8CBC-10DF52CA1F60}"
EndProject
Project("{FAE04EC0-301F-11D3-BF4B-00C04F79EFBC}") = "COG.Fonts", "OpenTK\COG.Font\COG.Fonts.csproj", "{C0274494-7C98-4306-9859-97952EB3F632}"
EndProject
Global
	GlobalSection(SolutionConfigurationPlatforms) = preSolution
		Debug|Any CPU = Debug|Any CPU
		Release|Any CPU = Release|Any CPU
	EndGlobalSection
	GlobalSection(ProjectConfigurationPlatforms) = postSolution
		{9EB6F9CA-480A-480B-AB53-454020A39D71}.Debug|Any CPU.ActiveCfg = Debug|Any CPU
		{9EB6F9CA-480A-480B-AB53-454020A39D71}.Debug|Any CPU.Build.0 = Debug|Any CPU
		{9EB6F9CA-480A-480B-AB53-454020A39D71}.Release|Any CPU.ActiveCfg = Release|Any CPU
		{9EB6F9CA-480A-480B-AB53-454020A39D71}.Release|Any CPU.Build.0 = Release|Any CPU
		{923AB1D5-796C-4156-9021-76F4E4F90CED}.Debug|Any CPU.ActiveCfg = Debug|Any CPU
		{923AB1D5-796C-4156-9021-76F4E4F90CED}.Debug|Any CPU.Build.0 = Debug|Any CPU
		{923AB1D5-796C-4156-9021-76F4E4F90CED}.Release|Any CPU.ActiveCfg = Release|Any CPU
		{923AB1D5-796C-4156-9021-76F4E4F90CED}.Release|Any CPU.Build.0 = Release|Any CPU
		{5A47C043-88A3-4FC3-BB14-D945BC742AE2}.Debug|Any CPU.ActiveCfg = Debug|Any CPU
		{5A47C043-88A3-4FC3-BB14-D945BC742AE2}.Debug|Any CPU.Build.0 = Debug|Any CPU
		{5A47C043-88A3-4FC3-BB14-D945BC742AE2}.Release|Any CPU.ActiveCfg = Release|Any CPU
		{5A47C043-88A3-4FC3-BB14-D945BC742AE2}.Release|Any CPU.Build.0 = Release|Any CPU
		{5284957E-C430-42C1-91CF-021F9E973B0D}.Debug|Any CPU.ActiveCfg = Debug|Any CPU
		{5284957E-C430-42C1-91CF-021F9E973B0D}.Debug|Any CPU.Build.0 = Debug|Any CPU
		{5284957E-C430-42C1-91CF-021F9E973B0D}.Release|Any CPU.ActiveCfg = Release|Any CPU
		{5284957E-C430-42C1-91CF-021F9E973B0D}.Release|Any CPU.Build.0 = Release|Any CPU
		{D2D0C5C5-0154-4A6C-A04F-72E2E643B237}.Debug|Any CPU.ActiveCfg = Debug|Any CPU
		{D2D0C5C5-0154-4A6C-A04F-72E2E643B237}.Debug|Any CPU.Build.0 = Debug|Any CPU
		{D2D0C5C5-0154-4A6C-A04F-72E2E643B237}.Release|Any CPU.ActiveCfg = Release|Any CPU
		{D2D0C5C5-0154-4A6C-A04F-72E2E643B237}.Release|Any CPU.Build.0 = Release|Any CPU
		{463730EB-BE49-4536-9761-A6260E66EBE5}.Debug|Any CPU.ActiveCfg = Debug|Any CPU
		{463730EB-BE49-4536-9761-A6260E66EBE5}.Release|Any CPU.ActiveCfg = Release|Any CPU
		{463730EB-BE49-4536-9761-A6260E66EBE5}.Release|Any CPU.Build.0 = Release|Any CPU
		{93AE5494-D768-4967-8CBC-10DF52CA1F60}.Debug|Any CPU.ActiveCfg = Debug|Any CPU
		{93AE5494-D768-4967-8CBC-10DF52CA1F60}.Debug|Any CPU.Build.0 = Debug|Any CPU
		{93AE5494-D768-4967-8CBC-10DF52CA1F60}.Release|Any CPU.ActiveCfg = Release|Any CPU
		{93AE5494-D768-4967-8CBC-10DF52CA1F60}.Release|Any CPU.Build.0 = Release|Any CPU
		{C0274494-7C98-4306-9859-97952EB3F632}.Debug|Any CPU.ActiveCfg = Debug|Any CPU
		{C0274494-7C98-4306-9859-97952EB3F632}.Debug|Any CPU.Build.0 = Debug|Any CPU
		{C0274494-7C98-4306-9859-97952EB3F632}.Release|Any CPU.ActiveCfg = Release|Any CPU
		{C0274494-7C98-4306-9859-97952EB3F632}.Release|Any CPU.Build.0 = Release|Any CPU
	EndGlobalSection
	GlobalSection(SolutionProperties) = preSolution
		HideSolutionNode = FALSE
	EndGlobalSection
	GlobalSection(NestedProjects) = preSolution
		{9EB6F9CA-480A-480B-AB53-454020A39D71} = {C4CCE254-64BF-4799-8FF5-AD67AF9A55D3}
		{923AB1D5-796C-4156-9021-76F4E4F90CED} = {C4CCE254-64BF-4799-8FF5-AD67AF9A55D3}
		{5A47C043-88A3-4FC3-BB14-D945BC742AE2} = {C4CCE254-64BF-4799-8FF5-AD67AF9A55D3}
		{5284957E-C430-42C1-91CF-021F9E973B0D} = {C239E4AB-2838-4545-B50E-18F70CF852CF}
		{D2D0C5C5-0154-4A6C-A04F-72E2E643B237} = {78619A67-DB0F-4674-9BCE-B98939998CDA}
		{93AE5494-D768-4967-8CBC-10DF52CA1F60} = {C4CCE254-64BF-4799-8FF5-AD67AF9A55D3}
		{C0274494-7C98-4306-9859-97952EB3F632} = {78619A67-DB0F-4674-9BCE-B98939998CDA}
	EndGlobalSection
EndGlobal
